
Microsoft Visual Studio Solution File, Format Version 12.00
# Visual Studio 14
VisualStudioVersion = 14.0.25420.1
MinimumVisualStudioVersion = 10.0.40219.1
Project("{8BC9CEB8-8B4A-11D0-8D11-00A0C91BC942}") = "MySolution", "MySolution\MySolution.vcxproj", "{B12702AD-ABFB-343A-A199-8E24837244A3}"
EndProject
Project("{8BC9CEB8-8B4A-11D0-8D11-00A0C91BC942}") = "Common_VS2015", "Common\Common_VS2015\Common_VS2015.vcxproj", "{5CE871EE-B3C6-45B7-9086-7A2F4FD944C7}"
EndProject
Global
	GlobalSection(SolutionConfigurationPlatforms) = preSolution
		Debug|x64 = Debug|x64
		Debug|x86 = Debug|x86
		Release|x64 = Release|x64
		Release|x86 = Release|x86
	EndGlobalSection
	GlobalSection(ProjectConfigurationPlatforms) = postSolution
		{B12702AD-ABFB-343A-A199-8E24837244A3}.Debug|x64.ActiveCfg = Debug|Win32
		{B12702AD-ABFB-343A-A199-8E24837244A3}.Debug|x86.ActiveCfg = Debug|Win32
		{B12702AD-ABFB-343A-A199-8E24837244A3}.Debug|x86.Build.0 = Debug|Win32
		{B12702AD-ABFB-343A-A199-8E24837244A3}.Release|x64.ActiveCfg = Release|Win32
		{B12702AD-ABFB-343A-A199-8E24837244A3}.Release|x86.ActiveCfg = Release|Win32
		{B12702AD-ABFB-343A-A199-8E24837244A3}.Release|x86.Build.0 = Release|Win32
		{5CE871EE-B3C6-45B7-9086-7A2F4FD944C7}.Debug|x64.ActiveCfg = Debug|x64
		{5CE871EE-B3C6-45B7-9086-7A2F4FD944C7}.Debug|x64.Build.0 = Debug|x64
		{5CE871EE-B3C6-45B7-9086-7A2F4FD944C7}.Debug|x86.ActiveCfg = Debug|Win32
		{5CE871EE-B3C6-45B7-9086-7A2F4FD944C7}.Debug|x86.Build.0 = Debug|Win32
		{5CE871EE-B3C6-45B7-9086-7A2F4FD944C7}.Release|x64.ActiveCfg = Release|x64
		{5CE871EE-B3C6-45B7-9086-7A2F4FD944C7}.Release|x64.Build.0 = Release|x64
		{5CE871EE-B3C6-45B7-9086-7A2F4FD944C7}.Release|x86.ActiveCfg = Release|Win32
		{5CE871EE-B3C6-45B7-9086-7A2F4FD944C7}.Release|x86.Build.0 = Release|Win32
	EndGlobalSection
	GlobalSection(SolutionProperties) = preSolution
		HideSolutionNode = FALSE
	EndGlobalSection
	GlobalSection(ExtensibilityGlobals) = postSolution
		Qt5Version = msvc2015_x86
	EndGlobalSection
EndGlobal
